{
  "name": "controller",
  "version": "1.0.0",
  "lockfileVersion": 3,
  "requires": true,
  "packages": {
    "": {
      "name": "controller",
      "version": "1.0.0",
      "devDependencies": {
        "@redocly/cli": "^2.49.1"
      }
    },
    "node_modules/@redocly/cli": {
      "version": "2.49.1",
      "resolved": "https://registry.npmjs.org/@redocly/cli/-/cli-2.49.1.tgz",
      "integrity": "sha512-8/7uAXm5ryOTyrXwh1MCYLD/91lY5WsoXPAmMSCxBc2dmh9O7TU77HntL/tUkV9M83wmwx3GP4EMYryDidostQ==",
      "dev": true,
      "license": "MIT",
      "bin": {
        "openapi": "bin/cli.js",
        "redocly": "bin/cli.js"
      },
      "engines": {
        "node": ">=22.12.0 || >=20.19.0 <21.0.0",
        "npm": ">=10"
      }
    }
  }
}
