{
  "name": "controller",
  "version": "1.0.0",
  "lockfileVersion": 3,
  "requires": true,
  "packages": {
    "": {
      "name": "controller",
      "version": "1.0.0",
      "devDependencies": {
        "@redocly/cli": "^2.53.2"
      }
    },
    "node_modules/@redocly/cli": {
      "version": "2.53.2",
      "resolved": "https://registry.npmjs.org/@redocly/cli/-/cli-2.53.2.tgz",
      "integrity": "sha512-ay2jLuWvKssw1Au1A0fyDR//plK83GxV80TfA08iB9W/5AVosgB+WFv0JzglU4PiXf1fQjtsoXhZwZLx28VGrw==",
      "dev": true,
      "license": "MIT",
      "bin": {
        "openapi": "bin/cli.js",
        "redocly": "bin/cli.js"
      },
      "engines": {
        "node": ">=22.12.0 || >=20.19.0 <21.0.0",
        "npm": ">=10"
      }
    }
  }
}
